
Microsoft Visual Studio Solution File, Format Version 12.00
# Visual Studio Version 16
VisualStudioVersion = 16.0.31205.134
MinimumVisualStudioVersion = 10.0.40219.1
Project("{9A19103F-16F7-4668-BE54-9A1E7A4F7556}") = "stochastic-engine", "stochastic-engine\stochastic-engine.csproj", "{EC20062C-E7BB-4A08-A463-53395CD2307F}"
EndProject
Project("{9A19103F-16F7-4668-BE54-9A1E7A4F7556}") = "PetriNet", "PetriNet\PetriNet.csproj", "{B98CC360-5558-4DFA-B161-D3E42E58ABD1}"
EndProject
Global
	GlobalSection(SolutionConfigurationPlatforms) = preSolution
		Debug|Any CPU = Debug|Any CPU
		Release|Any CPU = Release|Any CPU
	EndGlobalSection
	GlobalSection(ProjectConfigurationPlatforms) = postSolution
		{EC20062C-E7BB-4A08-A463-53395CD2307F}.Debug|Any CPU.ActiveCfg = Debug|Any CPU
		{EC20062C-E7BB-4A08-A463-53395CD2307F}.Debug|Any CPU.Build.0 = Debug|Any CPU
		{EC20062C-E7BB-4A08-A463-53395CD2307F}.Release|Any CPU.ActiveCfg = Release|Any CPU
		{EC20062C-E7BB-4A08-A463-53395CD2307F}.Release|Any CPU.Build.0 = Release|Any CPU
		{B98CC360-5558-4DFA-B161-D3E42E58ABD1}.Debug|Any CPU.ActiveCfg = Debug|Any CPU
		{B98CC360-5558-4DFA-B161-D3E42E58ABD1}.Debug|Any CPU.Build.0 = Debug|Any CPU
		{B98CC360-5558-4DFA-B161-D3E42E58ABD1}.Release|Any CPU.ActiveCfg = Release|Any CPU
		{B98CC360-5558-4DFA-B161-D3E42E58ABD1}.Release|Any CPU.Build.0 = Release|Any CPU
	EndGlobalSection
	GlobalSection(SolutionProperties) = preSolution
		HideSolutionNode = FALSE
	EndGlobalSection
	GlobalSection(ExtensibilityGlobals) = postSolution
		SolutionGuid = {20ABD367-1F3D-494A-8A4C-4087267FAC3A}
	EndGlobalSection
EndGlobal
